
Microsoft Visual Studio Solution File, Format Version 12.00
Project("{FAE04EC0-301F-11D3-BF4B-00C04F79EFBC}") = "HotChocolateIssues.Web", "HotChocolateIssues.Web\HotChocolateIssues.Web.csproj", "{A8BB8D2B-E1FA-45C9-A72F-45B411C1DE41}"
EndProject
Project("{FAE04EC0-301F-11D3-BF4B-00C04F79EFBC}") = "HotChocolateIssues.TestBase", "HotChocolateIssues.TestBase\HotChocolateIssues.TestBase.csproj", "{DF88014D-F8FF-42F9-946E-2DDFC97F0235}"
EndProject
Project("{FAE04EC0-301F-11D3-BF4B-00C04F79EFBC}") = "HotChocolateIssues.AnyTypeDataOmission", "HotChocolateIssues.AnyTypeDataOmission\HotChocolateIssues.AnyTypeDataOmission.csproj", "{D818D6E6-3095-4CB5-B8DA-67441036E373}"
EndProject
Project("{FAE04EC0-301F-11D3-BF4B-00C04F79EFBC}") = "HotChocolateIssues.DictionaryInput", "HotChocolateIssues.DictionaryInput\HotChocolateIssues.DictionaryInput.csproj", "{4F100FBF-65E6-4DDD-AD1A-E51717541C17}"
EndProject
Project("{FAE04EC0-301F-11D3-BF4B-00C04F79EFBC}") = "HotChocolateIssues.DateTimeZone", "HotChocolateIssues.DateTimeZone\HotChocolateIssues.DateTimeZone.csproj", "{7B939DF5-73FA-4DD9-83AF-4A05F3C9EBB4}"
EndProject
Project("{FAE04EC0-301F-11D3-BF4B-00C04F79EFBC}") = "HotChocolateIssues.OneOf", "HotChocolateIssues.OneOf\HotChocolateIssues.OneOf.csproj", "{CB75FB35-4E58-43A0-BAF4-F490C2727F71}"
EndProject
Global
	GlobalSection(SolutionConfigurationPlatforms) = preSolution
		Debug|Any CPU = Debug|Any CPU
		Release|Any CPU = Release|Any CPU
	EndGlobalSection
	GlobalSection(ProjectConfigurationPlatforms) = postSolution
		{A8BB8D2B-E1FA-45C9-A72F-45B411C1DE41}.Debug|Any CPU.ActiveCfg = Debug|Any CPU
		{A8BB8D2B-E1FA-45C9-A72F-45B411C1DE41}.Debug|Any CPU.Build.0 = Debug|Any CPU
		{A8BB8D2B-E1FA-45C9-A72F-45B411C1DE41}.Release|Any CPU.ActiveCfg = Release|Any CPU
		{A8BB8D2B-E1FA-45C9-A72F-45B411C1DE41}.Release|Any CPU.Build.0 = Release|Any CPU
		{DF88014D-F8FF-42F9-946E-2DDFC97F0235}.Debug|Any CPU.ActiveCfg = Debug|Any CPU
		{DF88014D-F8FF-42F9-946E-2DDFC97F0235}.Debug|Any CPU.Build.0 = Debug|Any CPU
		{DF88014D-F8FF-42F9-946E-2DDFC97F0235}.Release|Any CPU.ActiveCfg = Release|Any CPU
		{DF88014D-F8FF-42F9-946E-2DDFC97F0235}.Release|Any CPU.Build.0 = Release|Any CPU
		{D818D6E6-3095-4CB5-B8DA-67441036E373}.Debug|Any CPU.ActiveCfg = Debug|Any CPU
		{D818D6E6-3095-4CB5-B8DA-67441036E373}.Debug|Any CPU.Build.0 = Debug|Any CPU
		{D818D6E6-3095-4CB5-B8DA-67441036E373}.Release|Any CPU.ActiveCfg = Release|Any CPU
		{D818D6E6-3095-4CB5-B8DA-67441036E373}.Release|Any CPU.Build.0 = Release|Any CPU
		{4F100FBF-65E6-4DDD-AD1A-E51717541C17}.Debug|Any CPU.ActiveCfg = Debug|Any CPU
		{4F100FBF-65E6-4DDD-AD1A-E51717541C17}.Debug|Any CPU.Build.0 = Debug|Any CPU
		{4F100FBF-65E6-4DDD-AD1A-E51717541C17}.Release|Any CPU.ActiveCfg = Release|Any CPU
		{4F100FBF-65E6-4DDD-AD1A-E51717541C17}.Release|Any CPU.Build.0 = Release|Any CPU
		{7B939DF5-73FA-4DD9-83AF-4A05F3C9EBB4}.Debug|Any CPU.ActiveCfg = Debug|Any CPU
		{7B939DF5-73FA-4DD9-83AF-4A05F3C9EBB4}.Debug|Any CPU.Build.0 = Debug|Any CPU
		{7B939DF5-73FA-4DD9-83AF-4A05F3C9EBB4}.Release|Any CPU.ActiveCfg = Release|Any CPU
		{7B939DF5-73FA-4DD9-83AF-4A05F3C9EBB4}.Release|Any CPU.Build.0 = Release|Any CPU
		{CB75FB35-4E58-43A0-BAF4-F490C2727F71}.Debug|Any CPU.ActiveCfg = Debug|Any CPU
		{CB75FB35-4E58-43A0-BAF4-F490C2727F71}.Debug|Any CPU.Build.0 = Debug|Any CPU
		{CB75FB35-4E58-43A0-BAF4-F490C2727F71}.Release|Any CPU.ActiveCfg = Release|Any CPU
		{CB75FB35-4E58-43A0-BAF4-F490C2727F71}.Release|Any CPU.Build.0 = Release|Any CPU
	EndGlobalSection
EndGlobal
